
Microsoft Visual Studio Solution File, Format Version 12.00
# Visual Studio Version 17
VisualStudioVersion = 17.8.34330.188
MinimumVisualStudioVersion = 10.0.40219.1
Project("{FAE04EC0-301F-11D3-BF4B-00C04F79EFBC}") = "fw-webapi-nunit", "fw-webapi-nunit.csproj", "{578BE978-0176-46C5-B10C-9CB40A4EC367}"
EndProject
Global
	GlobalSection(SolutionConfigurationPlatforms) = preSolution
		Debug|Any CPU = Debug|Any CPU
		Release|Any CPU = Release|Any CPU
	EndGlobalSection
	GlobalSection(ProjectConfigurationPlatforms) = postSolution
		{578BE978-0176-46C5-B10C-9CB40A4EC367}.Debug|Any CPU.ActiveCfg = Debug|Any CPU
		{578BE978-0176-46C5-B10C-9CB40A4EC367}.Debug|Any CPU.Build.0 = Debug|Any CPU
		{578BE978-0176-46C5-B10C-9CB40A4EC367}.Release|Any CPU.ActiveCfg = Release|Any CPU
		{578BE978-0176-46C5-B10C-9CB40A4EC367}.Release|Any CPU.Build.0 = Release|Any CPU
	EndGlobalSection
	GlobalSection(SolutionProperties) = preSolution
		HideSolutionNode = FALSE
	EndGlobalSection
	GlobalSection(ExtensibilityGlobals) = postSolution
		SolutionGuid = {A9C8F1B9-EDED-4129-826E-5F08285B7313}
	EndGlobalSection
EndGlobal
